
Microsoft Visual Studio Solution File, Format Version 12.00
# Visual Studio Version 17
VisualStudioVersion = 17.14.36327.8 d17.14
MinimumVisualStudioVersion = 10.0.40219.1
Project("{FAE04EC0-301F-11D3-BF4B-00C04F79EFBC}") = "OnlyPaes", "OnlyPaes\OnlyPaes.csproj", "{206C5F06-C570-41B1-ABE9-F64B920ED50A}"
EndProject
Global
	GlobalSection(SolutionConfigurationPlatforms) = preSolution
		Debug|Any CPU = Debug|Any CPU
		Release|Any CPU = Release|Any CPU
	EndGlobalSection
	GlobalSection(ProjectConfigurationPlatforms) = postSolution
		{206C5F06-C570-41B1-ABE9-F64B920ED50A}.Debug|Any CPU.ActiveCfg = Debug|Any CPU
		{206C5F06-C570-41B1-ABE9-F64B920ED50A}.Debug|Any CPU.Build.0 = Debug|Any CPU
		{206C5F06-C570-41B1-ABE9-F64B920ED50A}.Release|Any CPU.ActiveCfg = Release|Any CPU
		{206C5F06-C570-41B1-ABE9-F64B920ED50A}.Release|Any CPU.Build.0 = Release|Any CPU
	EndGlobalSection
	GlobalSection(SolutionProperties) = preSolution
		HideSolutionNode = FALSE
	EndGlobalSection
	GlobalSection(ExtensibilityGlobals) = postSolution
		SolutionGuid = {2702453F-B786-45BC-A5C7-0615F8960878}
	EndGlobalSection
EndGlobal
